schema: '2.0'
stages:
  prepare_data:
    cmd: python src/proj/data.py data/raw data/processed
    deps:
    - path: data/raw
      md5: 11d3a14bc32ceead9b3cd62fa7094f2a.dir
      size: 1333857355
      nfiles: 6
    - path: src/proj/data.py
      md5: 57a97a5b99ca4cfcfbd82d20de23f9ea
      size: 5007
    outs:
    - path: data/processed
      md5: 9ec29808eef29a13f3dee0ba5ca056e6.dir
      size: 507432914
      nfiles: 2
